
Microsoft Visual Studio Solution File, Format Version 12.00
# Visual Studio Version 17
VisualStudioVersion = 17.7.34221.43
MinimumVisualStudioVersion = 10.0.40219.1
Project("{9A19103F-16F7-4668-BE54-9A1E7A4F7556}") = "ExpenseManager", "ExpenseManager\ExpenseManager.csproj", "{C6E06F80-F4C8-44ED-90D0-428D8C5924C3}"
EndProject
Project("{9A19103F-16F7-4668-BE54-9A1E7A4F7556}") = "IService", "IService\IService.csproj", "{099C33E8-F4A4-4435-8AEC-75AAC8AEFD76}"
EndProject
Project("{9A19103F-16F7-4668-BE54-9A1E7A4F7556}") = "Service", "Service\Service.csproj", "{B323AB8F-EA07-46B6-AD03-BFAC1E8BFCAE}"
EndProject
Project("{9A19103F-16F7-4668-BE54-9A1E7A4F7556}") = "Currenty", "ParserCurrenty\Currenty.csproj", "{24C50056-AD35-4D2F-A4C4-ABDA74A8D2E0}"
EndProject
Global
	GlobalSection(SolutionConfigurationPlatforms) = preSolution
		Debug|Any CPU = Debug|Any CPU
		Release|Any CPU = Release|Any CPU
	EndGlobalSection
	GlobalSection(ProjectConfigurationPlatforms) = postSolution
		{C6E06F80-F4C8-44ED-90D0-428D8C5924C3}.Debug|Any CPU.ActiveCfg = Debug|Any CPU
		{C6E06F80-F4C8-44ED-90D0-428D8C5924C3}.Debug|Any CPU.Build.0 = Debug|Any CPU
		{C6E06F80-F4C8-44ED-90D0-428D8C5924C3}.Release|Any CPU.ActiveCfg = Release|Any CPU
		{C6E06F80-F4C8-44ED-90D0-428D8C5924C3}.Release|Any CPU.Build.0 = Release|Any CPU
		{099C33E8-F4A4-4435-8AEC-75AAC8AEFD76}.Debug|Any CPU.ActiveCfg = Debug|Any CPU
		{099C33E8-F4A4-4435-8AEC-75AAC8AEFD76}.Debug|Any CPU.Build.0 = Debug|Any CPU
		{099C33E8-F4A4-4435-8AEC-75AAC8AEFD76}.Release|Any CPU.ActiveCfg = Release|Any CPU
		{099C33E8-F4A4-4435-8AEC-75AAC8AEFD76}.Release|Any CPU.Build.0 = Release|Any CPU
		{B323AB8F-EA07-46B6-AD03-BFAC1E8BFCAE}.Debug|Any CPU.ActiveCfg = Debug|Any CPU
		{B323AB8F-EA07-46B6-AD03-BFAC1E8BFCAE}.Debug|Any CPU.Build.0 = Debug|Any CPU
		{B323AB8F-EA07-46B6-AD03-BFAC1E8BFCAE}.Release|Any CPU.ActiveCfg = Release|Any CPU
		{B323AB8F-EA07-46B6-AD03-BFAC1E8BFCAE}.Release|Any CPU.Build.0 = Release|Any CPU
		{24C50056-AD35-4D2F-A4C4-ABDA74A8D2E0}.Debug|Any CPU.ActiveCfg = Debug|Any CPU
		{24C50056-AD35-4D2F-A4C4-ABDA74A8D2E0}.Debug|Any CPU.Build.0 = Debug|Any CPU
		{24C50056-AD35-4D2F-A4C4-ABDA74A8D2E0}.Release|Any CPU.ActiveCfg = Release|Any CPU
		{24C50056-AD35-4D2F-A4C4-ABDA74A8D2E0}.Release|Any CPU.Build.0 = Release|Any CPU
	EndGlobalSection
	GlobalSection(SolutionProperties) = preSolution
		HideSolutionNode = FALSE
	EndGlobalSection
	GlobalSection(ExtensibilityGlobals) = postSolution
		SolutionGuid = {892E8122-5841-4207-97E4-CD0FBE2CDC1D}
	EndGlobalSection
EndGlobal
